{
  "nodes": {
    "fenix": {
      "inputs": {
        "nixpkgs": [
          "nixpkgs"
        ],
        "rust-analyzer-src": "rust-analyzer-src"
      },
      "locked": {
        "lastModified": 1635601111,
        "narHash": "sha256-+UWu41BL713+zPBA1YunLto8uPLvBWqMqb/HrK0Glug=",
        "owner": "nix-community",
        "repo": "fenix",
        "rev": "1c1a6cd1d091d11ba2ccda42e758a08e47dd0d59",
        "type": "github"
      },
      "original": {
        "owner": "nix-community",
        "repo": "fenix",
        "type": "github"
      }
    },
    "flake-utils": {
      "locked": {
        "lastModified": 1634851050,
        "narHash": "sha256-N83GlSGPJJdcqhUxSCS/WwW5pksYf3VP1M13cDRTSVA=",
        "owner": "numtide",
        "repo": "flake-utils",
        "rev": "c91f3de5adaf1de973b797ef7485e441a65b8935",
        "type": "github"
      },
      "original": {
        "owner": "numtide",
        "repo": "flake-utils",
        "type": "github"
      }
    },
    "nixpkgs": {
      "locked": {
        "lastModified": 1635544589,
        "narHash": "sha256-v6PTartv2TlsntrCz9YFIdRU6ihPKFvrEfKK2BSFOoE=",
        "owner": "nixos",
        "repo": "nixpkgs",
        "rev": "47b36ad103aeff17f9be6fb7b4847d63d53f227a",
        "type": "github"
      },
      "original": {
        "owner": "nixos",
        "ref": "nixpkgs-unstable",
        "repo": "nixpkgs",
        "type": "github"
      }
    },
    "root": {
      "inputs": {
        "fenix": "fenix",
        "flake-utils": "flake-utils",
        "nixpkgs": "nixpkgs",
        "solanaSrc": "solanaSrc"
      }
    },
    "rust-analyzer-src": {
      "flake": false,
      "locked": {
        "lastModified": 1635274542,
        "narHash": "sha256-Cew1/WUozM3jalItPuj4cNN8GIFMvCaJ1KXoj6wrHwE=",
        "owner": "rust-analyzer",
        "repo": "rust-analyzer",
        "rev": "dd43f3f2d13a32199828e758ddf13176df1f17f9",
        "type": "github"
      },
      "original": {
        "owner": "rust-analyzer",
        "ref": "nightly",
        "repo": "rust-analyzer",
        "type": "github"
      }
    },
    "solanaSrc": {
      "flake": false,
      "locked": {
        "lastModified": 1633593557,
        "narHash": "sha256-TqB6KHCqXKnsUnXqy8xvmDH+JNUHmFnE27sSB/V7Mg8=",
        "owner": "solana-labs",
        "repo": "solana",
        "rev": "4892eb4e1ad278d5249b6cda8983f88effb3e98b",
        "type": "github"
      },
      "original": {
        "owner": "solana-labs",
        "repo": "solana",
        "rev": "4892eb4e1ad278d5249b6cda8983f88effb3e98b",
        "type": "github"
      }
    }
  },
  "root": "root",
  "version": 7
}
